
Microsoft Visual Studio Solution File, Format Version 11.00
# Visual Studio 2010 Express for Windows Phone
Project("{FAE04EC0-301F-11D3-BF4B-00C04F79EFBC}") = "CordovaStarter001", "CordovaStarter001\CordovaStarter001.csproj", "{94284A28-347E-434D-A5E7-F38C68CA7B89}"
EndProject
Global
	GlobalSection(SolutionConfigurationPlatforms) = preSolution
		Debug|Any CPU = Debug|Any CPU
		Release|Any CPU = Release|Any CPU
	EndGlobalSection
	GlobalSection(ProjectConfigurationPlatforms) = postSolution
		{94284A28-347E-434D-A5E7-F38C68CA7B89}.Debug|Any CPU.ActiveCfg = Debug|Any CPU
		{94284A28-347E-434D-A5E7-F38C68CA7B89}.Debug|Any CPU.Build.0 = Debug|Any CPU
		{94284A28-347E-434D-A5E7-F38C68CA7B89}.Debug|Any CPU.Deploy.0 = Debug|Any CPU
		{94284A28-347E-434D-A5E7-F38C68CA7B89}.Release|Any CPU.ActiveCfg = Release|Any CPU
		{94284A28-347E-434D-A5E7-F38C68CA7B89}.Release|Any CPU.Build.0 = Release|Any CPU
		{94284A28-347E-434D-A5E7-F38C68CA7B89}.Release|Any CPU.Deploy.0 = Release|Any CPU
	EndGlobalSection
	GlobalSection(SolutionProperties) = preSolution
		HideSolutionNode = FALSE
	EndGlobalSection
EndGlobal
